
Microsoft Visual Studio Solution File, Format Version 12.00
# Visual Studio 15
VisualStudioVersion = 15.0.28010.2036
MinimumVisualStudioVersion = 10.0.40219.1
Project("{9A19103F-16F7-4668-BE54-9A1E7A4F7556}") = "lab5", "lab5\lab5.csproj", "{1F6BE60D-71AE-421B-82DA-364BA89F2B29}"
EndProject
Project("{FAE04EC0-301F-11D3-BF4B-00C04F79EFBC}") = "lab5.Tests", "lab5.Tests\lab5.Tests.csproj", "{7B9E387F-83DB-4F0F-AF2A-3BA74BEDE09A}"
EndProject
Global
	GlobalSection(SolutionConfigurationPlatforms) = preSolution
		Debug|Any CPU = Debug|Any CPU
		Release|Any CPU = Release|Any CPU
	EndGlobalSection
	GlobalSection(ProjectConfigurationPlatforms) = postSolution
		{1F6BE60D-71AE-421B-82DA-364BA89F2B29}.Debug|Any CPU.ActiveCfg = Debug|Any CPU
		{1F6BE60D-71AE-421B-82DA-364BA89F2B29}.Debug|Any CPU.Build.0 = Debug|Any CPU
		{1F6BE60D-71AE-421B-82DA-364BA89F2B29}.Release|Any CPU.ActiveCfg = Release|Any CPU
		{1F6BE60D-71AE-421B-82DA-364BA89F2B29}.Release|Any CPU.Build.0 = Release|Any CPU
		{7B9E387F-83DB-4F0F-AF2A-3BA74BEDE09A}.Debug|Any CPU.ActiveCfg = Debug|Any CPU
		{7B9E387F-83DB-4F0F-AF2A-3BA74BEDE09A}.Debug|Any CPU.Build.0 = Debug|Any CPU
		{7B9E387F-83DB-4F0F-AF2A-3BA74BEDE09A}.Release|Any CPU.ActiveCfg = Release|Any CPU
		{7B9E387F-83DB-4F0F-AF2A-3BA74BEDE09A}.Release|Any CPU.Build.0 = Release|Any CPU
	EndGlobalSection
	GlobalSection(SolutionProperties) = preSolution
		HideSolutionNode = FALSE
	EndGlobalSection
	GlobalSection(ExtensibilityGlobals) = postSolution
		SolutionGuid = {D66F26E7-689F-40BC-80AE-296F3F5B42DA}
	EndGlobalSection
EndGlobal
